github.com/aws/aws-sdk-go v1.41.19 h1:9QR2WTNj5bFdrNjRY9SeoG+3hwQmKXGX16851vdh+N8=
github.com/aws/aws-sdk-go v1.41.19/go.mod h1:585smgzpB/KqRA+K3y/NL/oYRqQvpNJYvLm+LY1U59Q=
github.com/aws/aws-sdk-go-v2 v1.11.0 h1:HxyD62DyNhCfiFGUHqJ/xITD6rAjJ7Dm/2nLxLmO4Ag=
github.com/aws/aws-sdk-go-v2 v1.11.0/go.mod h1:SQfA+m2ltnu1cA0soUkj4dRSsmITiVQUJvBIZjzfPyQ=
github.com/aws/aws-sdk-go-v2 v1.16.12 h1:wbMYa2PlFysFx2GLIQojr6FJV5+OWCM/BwyHXARxETA=
github.com/aws/aws-sdk-go-v2 v1.16.12/go.mod h1:C+Ym0ag2LIghJbXhfXZ0YEEp49rBWowxKzJLUoob0ts=
github.com/aws/aws-sdk-go-v2/aws/protocol/eventstream v1.0.0 h1:yVUAwvJC/0WNPbyl0nA3j1L6CW1CN8wBubCRqtG7JLI=
github.com/aws/aws-sdk-go-v2/aws/protocol/eventstream v1.0.0/go.mod h1:Xn6sxgRuIDflLRJFj5Ev7UxABIkNbccFPV/p8itDReM=
github.com/aws/aws-sdk-go-v2/aws/protocol/eventstream v1.4.5 h1:7A1nDFvkVlBmMa69QMLkw/m/DDHm6PUluIYK61aQoOY=
github.com/aws/aws-sdk-go-v2/aws/protocol/eventstream v1.4.5/go.mod h1:DnlOnWR2YuzMXNSHHNuoklObUE3SwWlcRTGL/zL+Aj8=
github.com/aws/aws-sdk-go-v2/credentials v1.6.0 h1:L3O6osQTlzLKRmiTphw2QJuD21EFapWCX4IipiRJhAE=
github.com/aws/aws-sdk-go-v2/credentials v1.6.0/go.mod h1:rQkYdQPDXRrvPLeEuCNwSgtwMzBo9eDGWlTNC69Sh/0=
github.com/aws/aws-sdk-go-v2/feature/ec2/imds v1.8.0/go.mod h1:5E1J3/TTYy6z909QNR0QnXGBpfESYGDqd3O0zqONghU=
github.com/aws/aws-sdk-go-v2/internal/configsources v1.1.0 h1:zY8cNmbBXt3pzjgWgdIbzpQ6qxoCwt+Nx9JbrAf2mbY=
github.com/aws/aws-sdk-go-v2/internal/configsources v1.1.0/go.mod h1:NO3Q5ZTTQtO2xIg2+xTXYDiT7knSejfeDm7WGDaOo0U=
github.com/aws/aws-sdk-go-v2/internal/configsources v1.1.19 h1:gC5mudiFrWGhzcdoWj1iCGUfrzCpQG0MQIQf0CXFFQQ=
github.com/aws/aws-sdk-go-v2/internal/configsources v1.1.19/go.mod h1:llxE6bwUZhuCas0K7qGiu5OgMis3N7kdWtFSxoHmJ7E=
github.com/aws/aws-sdk-go-v2/internal/endpoints/v2 v2.0.0 h1:Z3aR/OXBnkYK9zXkNkfitHX6SmUBzSsx8VMHbH4Lvhw=
github.com/aws/aws-sdk-go-v2/internal/endpoints/v2 v2.0.0/go.mod h1:anlUzBoEWglcUxUQwZA7HQOEVEnQALVZsizAapB2hq8=
github.com/aws/aws-sdk-go-v2/internal/endpoints/v2 v2.4.13 h1:qezY57na06d6kSE7uuB0N7XEflu914AXx/hg2L8Ykcw=
github.com/aws/aws-sdk-go-v2/internal/endpoints/v2 v2.4.13/go.mod h1:lB12mkZqCSo5PsdBFLNqc2M/OOYgNAy8UtaktyuWvE8=
github.com/aws/aws-sdk-go-v2/internal/v4a v1.0.10 h1:233xgzn4lsBeN7qgG+k2kLquzBk35WB+nIhPMeK0h/Q=
github.com/aws/aws-sdk-go-v2/internal/v4a v1.0.10/go.mod h1:1nl/nuVB6+UOpiyYJBfyhCzsX8fJAL6fCVcbtPIIV4w=
github.com/aws/aws-sdk-go-v2/service/internal/accept-encoding v1.5.0 h1:lPLbw4Gn59uoKqvOfSnkJr54XWk5Ak1NK20ZEiSWb3U=
github.com/aws/aws-sdk-go-v2/service/internal/accept-encoding v1.5.0/go.mod h1:80NaCIH9YU3rzTTs/J/ECATjXuRqzo/wB6ukO6MZ0XY=
github.com/aws/aws-sdk-go-v2/service/internal/accept-encoding v1.9.6 h1:Z0Yw2qkgPZVGbOR70snGRAlBR0QIGPLkHoNhR4+7hbY=
github.com/aws/aws-sdk-go-v2/service/internal/accept-encoding v1.9.6/go.mod h1:Slj62rcu4BKdMAH0wqeP0fUkW1b1bkCxcSP+ZY5cevE=
github.com/aws/aws-sdk-go-v2/service/internal/checksum v1.1.14 h1:NWR21daQBDyY4WChz4Gd78QuCPorUJiSHg7r1OWvfgA=
github.com/aws/aws-sdk-go-v2/service/internal/checksum v1.1.14/go.mod h1:Yz4G3rD1LtBcg6gIYtJtpoEjts9IZMHiamdm3F1xtNA=
github.com/aws/aws-sdk-go-v2/service/internal/presigned-url v1.5.0 h1:qGZWS/WgiFY+Zgad2u0gwBHpJxz6Ne401JE7iQI1nKs=
github.com/aws/aws-sdk-go-v2/service/internal/presigned-url v1.5.0/go.mod h1:Mq6AEc+oEjCUlBuLiK5YwW4shSOAKCQ3tXN0sQeYoBA=
github.com/aws/aws-sdk-go-v2/service/internal/presigned-url v1.9.13 h1:ObfthqDyhe7rMAOa7pqft6974VHIk8BAJB7kYdoIfTA=
github.com/aws/aws-sdk-go-v2/service/internal/presigned-url v1.9.13/go.mod h1:V390DK4MQxLpDdXxFqizyz8KUxuWImkW/xzgXMz0yyk=
github.com/aws/aws-sdk-go-v2/service/internal/s3shared v1.9.0 h1:0BOlTqnNnrEO04oYKzDxMMe68t107pmIotn18HtVonY=
github.com/aws/aws-sdk-go-v2/service/internal/s3shared v1.9.0/go.mod h1:xKCZ4YFSF2s4Hnb/J0TLeOsKuGzICzcElaOKNGrVnx4=
github.com/aws/aws-sdk-go-v2/service/internal/s3shared v1.13.13 h1:h1equp9qdWANft5cmtDUditRlALvE7tuaHs2RdSbsQg=
github.com/aws/aws-sdk-go-v2/service/internal/s3shared v1.13.13/go.mod h1:3RA7cs1uHkbV3f6tMYy7u0OfkyVckZBM70wUS4h1MDk=
github.com/aws/aws-sdk-go-v2/service/s3 v1.18.0 h1:7qgXYvv0ONAfmHYT2d/k7MdllM8xmcxRP7CF1Xyxdws=
github.com/aws/aws-sdk-go-v2/service/s3 v1.18.0/go.mod h1:Gwz3aVctJe6mUY9T//bcALArPUaFmNAy2rTB9qN4No8=
github.com/aws/aws-sdk-go-v2/service/s3 v1.27.7 h1:BlxqVULzNS7udJIwZBJdL8NNcLbSwgXv/WRJCVUaMm8=
github.com/aws/aws-sdk-go-v2/service/s3 v1.27.7/go.mod h1:orjy5IRgBQnh9EI/lMW7YGF6eYk6re8HPFbL66a2DSo=
github.com/aws/aws-sdk-go-v2/service/sso v1.6.0/go.mod h1:Q/l0ON1annSU+mc0JybDy1Gy6dnJxIcWjphO6qJPzvM=
github.com/aws/aws-sdk-go-v2/service/sts v1.9.0/go.mod h1:jLKCFqS+1T4i7HDqCP9GM4Uk75YW1cS0o82LdxpMyOE=
github.com/aws/smithy-go v1.9.0 h1:c7FUdEqrQA1/UVKKCNDFQPNKGp4FQg3YW4Ck5SLTG58=
github.com/aws/smithy-go v1.9.0/go.mod h1:SObp3lf9smib00L/v3U2eAKG8FyQ7iLrJnQiAmR5n+E=
github.com/aws/smithy-go v1.13.0 h1:YfyEmSJLo7fAv8FbuDK4R8F9aAmi9DZ88Zb/KJJmUl0=
github.com/aws/smithy-go v1.13.0/go.mod h1:Tg+OJXh4MB2R/uN61Ko2f6hTZwB/ZYGOtib8J3gBHzA=
github.com/davecgh/go-spew v1.1.0/go.mod h1:J7Y8YcW2NihsgmVo/mv3lAwl/skON4iLHjSsI+c5H38=
github.com/google/go-cmp v0.5.4/go.mod h1:v8dTdLbMG2kIc/vJvl+f65V22dbkXbowE6jgT/gNBxE=
github.com/google/go-cmp v0.5.6 h1:BKbKCqvP6I+rmFHt06ZmyQtvB8xAkWdhFyr0ZUNZcxQ=
github.com/google/go-cmp v0.5.6/go.mod h1:v8dTdLbMG2kIc/vJvl+f65V22dbkXbowE6jgT/gNBxE=
github.com/google/go-cmp v0.5.8/go.mod h1:17dUlkBOakJ0+DkrSSNjCkIjxS6bF9zb3elmeNGIjoY=
github.com/jmespath/go-jmespath v0.4.0/go.mod h1:T8mJZnbsbmF+m6zOOFylbeCJqk5+pHWvzYPziyZiYoo=
github.com/jmespath/go-jmespath/internal/testify v1.5.1/go.mod h1:L3OGu8Wl2/fWfCI6z80xFu9LTZmf1ZRjMHUOPmWr69U=
github.com/pkg/errors v0.9.1/go.mod h1:bwawxfHBFNV+L2hUp1rHADufV3IMtnDRdf1r5NINEl0=
github.com/pmezard/go-difflib v1.0.0/go.mod h1:iKH77koFhYxTK1pcRnkKkqfTogsbg7gZNVY4sRDYZ/4=
github.com/stretchr/objx v0.1.0/go.mod h1:HFkY916IF+rwdDfMAkV7OtwuqBVzrE8GR6GFx+wExME=
golang.org/x/net v0.0.0-20210614182718-04defd469f4e/go.mod h1:9nx3DQGgdP8bBQD5qxJ1jj9UTztislL4KSBs9R2vV5Y=
golang.org/x/sys v0.0.0-20201119102817-f84b799fce68/go.mod h1:h1NjWce9XRLGQEsW7wpKNCjG9DtNlClVuFLEZdDNbEs=
golang.org/x/sys v0.0.0-20210423082822-04245dca01da/go.mod h1:h1NjWce9XRLGQEsW7wpKNCjG9DtNlClVuFLEZdDNbEs=
golang.org/x/term v0.0.0-20201126162022-7de9c90e9dd1/go.mod h1:bj7SfCRtBDWHUb9snDiAeCFNEtKQo2Wmx5Cou7ajbmo=
golang.org/x/text v0.3.6/go.mod h1:5Zoc/QRtKVWzQhOtBMvqHzDpF6irO9z98xDceosuGiQ=
golang.org/x/tools v0.0.0-20180917221912-90fa682c2a6e/go.mod h1:n7NCudcB/nEzxVGmLbDWY5pfWTLqBcC2KZ6jyYvM4mQ=
golang.org/x/xerrors v0.0.0-20191204190536-9bdfabe68543 h1:E7g+9GITq07hpfrRu66IVDexMakfv52eLZ2CXBWiKr4=
golang.org/x/xerrors v0.0.0-20191204190536-9bdfabe68543/go.mod h1:I/5z698sn9Ka8TeJc9MKroUUfqBBauWjQqLJ2OPfmY0=
gopkg.in/check.v1 v0.0.0-20161208181325-20d25e280405/go.mod h1:Co6ibVJAznAaIkqp8huTwlJQCZ016jof/cbN4VW5Yz0=
gopkg.in/yaml.v2 v2.2.8/go.mod h1:hI93XBmqTisBFMUTm0b8Fm+jr3Dg1NNxqwp+5A1VGuI=
